<Solution>
  <Folder Name="/Solution Items/">
    <File Path="../.gitignore" />
    <File Path=".editorconfig" />
    <File Path=".github/workflows/build.yml" />
    <File Path="CLAUDE.md" />
    <File Path="LICENSE" />
    <File Path="README.md" />
  </Folder>
  <Project Path="Kebabify.Api/Kebabify.Api.csproj" />
  <Project Path="Kebabify.Test/Kebabify.Test.csproj" />
</Solution>
